{
  "name": "workhop-iframe-react-app-plugin",
  "version": "1.0.0",
  "lockfileVersion": 2,
  "requires": true,
  "packages": {
    "": {
      "name": "workhop-iframe-react-app-plugin",
      "version": "1.0.0",
      "license": "ISC",
      "dependencies": {
        "@osdk/client": "^0.21.0",
        "@osdk/legacy-client": "^2.5.0",
        "lodash-es": "^4.17.21",
        "react": "^18.3.1"
      },
      "devDependencies": {
        "@types/lodash-es": "^4.17.12",
        "@types/react": "^18.3.4"
      }
    },
    "node_modules/@osdk/api": {
      "version": "1.9.0",
      "resolved": "https://registry.npmjs.org/@osdk/api/-/api-1.9.0.tgz",
      "integrity": "sha512-244C4PBYz0WN9h7vgBpq8DToUa9dCqaCA+90ABX9BQR8eGudN/eJ5zfHLl4D9SKd4mGCFlVmF/cuoUfnpBqbYA==",
      "dependencies": {
        "@osdk/gateway": "~2.4.0",
        "@osdk/shared.net": "~1.12.0",
        "@types/geojson": "^7946.0.13",
        "fetch-retry": "^6.0.0",
        "tiny-invariant": "^1.3.1"
      }
    },
    "node_modules/@osdk/client": {
      "version": "0.21.0",
      "resolved": "https://registry.npmjs.org/@osdk/client/-/client-0.21.0.tgz",
      "integrity": "sha512-SlE/nWkQL2mVOcqh00ywJFfZ1rcOW+Hhz4mEUYue7DSmKx0O4UMiOVjR1fymjmuYmMeJ8JKOUKqS9i25Y8DS9g==",
      "dependencies": {
        "@osdk/api": "~1.9.0",
        "@osdk/client.api": "0.21.0",
        "@osdk/client.unstable": "0.1.0",
        "@osdk/client.unstable.osw": "0.1.0",
        "@osdk/generator-converters": "~0.7.0",
        "@osdk/shared.client": "~0.0.0",
        "@osdk/shared.client.impl": "~0.1.0",
        "@osdk/shared.net.errors": "~1.1.0",
        "@osdk/shared.net.fetch": "~0.1.0",
        "@types/geojson": "^7946.0.14",
        "conjure-lite": "^0.4.4",
        "fast-deep-equal": "^3.1.3",
        "fetch-retry": "^6.0.0",
        "isomorphic-ws": "^5.0.0",
        "tiny-invariant": "^1.3.1",
        "type-fest": "^4.18.2",
        "ws": "^8.18.0"
      },
      "peerDependencies": {
        "pino": "^9.1.0"
      },
      "peerDependenciesMeta": {
        "pino": {
          "optional": true
        }
      }
    },
    "node_modules/@osdk/client.api": {
      "version": "0.21.0",
      "resolved": "https://registry.npmjs.org/@osdk/client.api/-/client.api-0.21.0.tgz",
      "integrity": "sha512-DT3f9o2Cm/s0Wf3LQ6yN3qktBqIh/7hfk49s26KVBzI1htA27ZfTg/nJzmO/9u75v53fxbGVpW2Hr5XhepPSQw==",
      "dependencies": {
        "@osdk/api": "~1.9.0",
        "type-fest": "^4.18.2"
      },
      "peerDependencies": {
        "@types/geojson": "*"
      }
    },
    "node_modules/@osdk/client.unstable": {
      "version": "0.1.0",
      "resolved": "https://registry.npmjs.org/@osdk/client.unstable/-/client.unstable-0.1.0.tgz",
      "integrity": "sha512-YDE+LZqbHSrHSsa8pDW91m68Z28upd/wyef/Y6WbJokeKjyUKscvF6KE1KTUIu1leWzvEyQWv1GbYZDKUn/H+g==",
      "dependencies": {
        "conjure-lite": "^0.4.4"
      }
    },
    "node_modules/@osdk/client.unstable.osw": {
      "version": "0.1.0",
      "resolved": "https://registry.npmjs.org/@osdk/client.unstable.osw/-/client.unstable.osw-0.1.0.tgz",
      "integrity": "sha512-R0OgiOI0V5nCCT00YSYJfSbaNQKmyZrjCA7fOksysu6ax46te783gH2qDhZYtlebJ2CZSgUy9v7PA//Sia1oow==",
      "dependencies": {
        "conjure-lite": "^0.4.4"
      }
    },
    "node_modules/@osdk/gateway": {
      "version": "2.4.0",
      "resolved": "https://registry.npmjs.org/@osdk/gateway/-/gateway-2.4.0.tgz",
      "integrity": "sha512-5Fdnt7HtbYatUsQWbNi+Leimx1PIrX8ZvFQEp0AfVijh1nasSw857yX/RMqvEe0KsnQfW5HDTDcspTk8gE2AFQ==",
      "dependencies": {
        "fetch-retry": "^6.0.0",
        "tiny-invariant": "^1.3.1"
      }
    },
    "node_modules/@osdk/generator-converters": {
      "version": "0.7.0",
      "resolved": "https://registry.npmjs.org/@osdk/generator-converters/-/generator-converters-0.7.0.tgz",
      "integrity": "sha512-BOTH2+mGk5gfOJLY2mT/nV3zqLESDi3irYDpCBMPyJgQDDyX30wTXu41fT3kCdf251b6bOW01HxbMnfu/wNoCQ==",
      "dependencies": {
        "@osdk/api": "~1.9.0",
        "@osdk/gateway": "~2.4.0"
      }
    },
    "node_modules/@osdk/legacy-client": {
      "version": "2.5.0",
      "resolved": "https://registry.npmjs.org/@osdk/legacy-client/-/legacy-client-2.5.0.tgz",
      "integrity": "sha512-i3v0FuGa5Ba3VsdwdXTEKCt4hv4t48wJ/jfDVy5iD/PawmqbIhx6Q+6RBTL5FisgvnJ72hR0QsRmtetKpk84Og==",
      "dependencies": {
        "@osdk/api": "~1.9.0",
        "@osdk/gateway": "~2.4.0",
        "@osdk/shared.net": "~1.12.0",
        "fetch-retry": "^6.0.0",
        "luxon": "^3.4.4",
        "ngeohash": "^0.6.3",
        "tiny-invariant": "^1.3.1"
      }
    },
    "node_modules/@osdk/shared.client": {
      "version": "0.0.0",
      "resolved": "https://registry.npmjs.org/@osdk/shared.client/-/shared.client-0.0.0.tgz",
      "integrity": "sha512-8X42+4YUM6ItGqG5nkNRGlYBgCLPmT4BklCy1SvhHPn02A87bikACCqWYiMSDy+I2Tw/qm9oyHl/fTYCH8dvGg=="
    },
    "node_modules/@osdk/shared.client.impl": {
      "version": "0.1.0",
      "resolved": "https://registry.npmjs.org/@osdk/shared.client.impl/-/shared.client.impl-0.1.0.tgz",
      "integrity": "sha512-mNpUkkwnDuPK3LNgilQ0uaUUstrTZ/gqNejSil0Q7Zd+Nq05sAmuyiC6a+5el6p1zByzv+XthQAnJF5Nwcuoag==",
      "dependencies": {
        "@osdk/shared.client": "~0.0.0",
        "@osdk/shared.net.errors": "~1.1.0",
        "@osdk/shared.net.fetch": "~0.1.0"
      }
    },
    "node_modules/@osdk/shared.net": {
      "version": "1.12.0",
      "resolved": "https://registry.npmjs.org/@osdk/shared.net/-/shared.net-1.12.0.tgz",
      "integrity": "sha512-Va5gc/XfvXTsn/LevMdVdzHqybVi62hB06z7gL4Sy7HnMxRZn7/yPL6fW4BVREwT6x9I1P2nxTDd+KCMQuzqig==",
      "dependencies": {
        "@osdk/gateway": "~2.4.0",
        "@osdk/shared.client": "~0.0.0",
        "@osdk/shared.client.impl": "~0.1.0",
        "@osdk/shared.net.errors": "~1.1.0",
        "@osdk/shared.net.fetch": "~0.1.0"
      }
    },
    "node_modules/@osdk/shared.net.errors": {
      "version": "1.1.0",
      "resolved": "https://registry.npmjs.org/@osdk/shared.net.errors/-/shared.net.errors-1.1.0.tgz",
      "integrity": "sha512-mn6KiTUfTQnQr0UdqHzViuIdXOEDT04e+3RSmr3DHEUcAN8cnIBMCOpnSQ/+o1li7SqW+gx3uDA03MdODtLA2g=="
    },
    "node_modules/@osdk/shared.net.fetch": {
      "version": "0.1.0",
      "resolved": "https://registry.npmjs.org/@osdk/shared.net.fetch/-/shared.net.fetch-0.1.0.tgz",
      "integrity": "sha512-YQXAy2ZcBRtI12/Yrivj7Yf33NYg9EQs0FX2uCGeSapkLqb8hQH7VBgTdDWXMJIJeUdIgANg0+DmWckNIY9DDQ==",
      "dependencies": {
        "@osdk/shared.net.errors": "~1.1.0",
        "fetch-retry": "^6.0.0"
      }
    },
    "node_modules/@types/geojson": {
      "version": "7946.0.14",
      "resolved": "https://registry.npmjs.org/@types/geojson/-/geojson-7946.0.14.tgz",
      "integrity": "sha512-WCfD5Ht3ZesJUsONdhvm84dmzWOiOzOAqOncN0++w0lBw1o8OuDNJF2McvvCef/yBqb/HYRahp1BYtODFQ8bRg=="
    },
    "node_modules/@types/lodash": {
      "version": "4.17.7",
      "resolved": "https://registry.npmjs.org/@types/lodash/-/lodash-4.17.7.tgz",
      "integrity": "sha512-8wTvZawATi/lsmNu10/j2hk1KEP0IvjubqPE3cu1Xz7xfXXt5oCq3SNUz4fMIP4XGF9Ky+Ue2tBA3hcS7LSBlA==",
      "dev": true
    },
    "node_modules/@types/lodash-es": {
      "version": "4.17.12",
      "resolved": "https://registry.npmjs.org/@types/lodash-es/-/lodash-es-4.17.12.tgz",
      "integrity": "sha512-0NgftHUcV4v34VhXm8QBSftKVXtbkBG3ViCjs6+eJ5a6y6Mi/jiFGPc1sC7QK+9BFhWrURE3EOggmWaSxL9OzQ==",
      "dev": true,
      "dependencies": {
        "@types/lodash": "*"
      }
    },
    "node_modules/@types/prop-types": {
      "version": "15.7.12",
      "resolved": "https://registry.npmjs.org/@types/prop-types/-/prop-types-15.7.12.tgz",
      "integrity": "sha512-5zvhXYtRNRluoE/jAp4GVsSduVUzNWKkOZrCDBWYtE7biZywwdC2AcEzg+cSMLFRfVgeAFqpfNabiPjxFddV1Q==",
      "dev": true
    },
    "node_modules/@types/react": {
      "version": "18.3.4",
      "resolved": "https://registry.npmjs.org/@types/react/-/react-18.3.4.tgz",
      "integrity": "sha512-J7W30FTdfCxDDjmfRM+/JqLHBIyl7xUIp9kwK637FGmY7+mkSFSe6L4jpZzhj5QMfLssSDP4/i75AKkrdC7/Jw==",
      "dev": true,
      "dependencies": {
        "@types/prop-types": "*",
        "csstype": "^3.0.2"
      }
    },
    "node_modules/conjure-lite": {
      "version": "0.4.4",
      "resolved": "https://registry.npmjs.org/conjure-lite/-/conjure-lite-0.4.4.tgz",
      "integrity": "sha512-WHmOLegM2L7WOxsDaNfobjLdKc0uzYWXvDTRZrnqkK58W/A+m4kkH/QVsyUdHhLA7ayRhAcoovuKJNfS/SKmqQ==",
      "bin": {
        "conjure-lite": "dist/conjure-lite.mjs"
      }
    },
    "node_modules/csstype": {
      "version": "3.1.3",
      "resolved": "https://registry.npmjs.org/csstype/-/csstype-3.1.3.tgz",
      "integrity": "sha512-M1uQkMl8rQK/szD0LNhtqxIPLpimGm8sOBwU7lLnCpSbTyY3yeU1Vc7l4KT5zT4s/yOxHH5O7tIuuLOCnLADRw==",
      "dev": true
    },
    "node_modules/fast-deep-equal": {
      "version": "3.1.3",
      "resolved": "https://registry.npmjs.org/fast-deep-equal/-/fast-deep-equal-3.1.3.tgz",
      "integrity": "sha512-f3qQ9oQy9j2AhBe/H9VC91wLmKBCCU/gDOnKNAYG5hswO7BLKj09Hc5HYNz9cGI++xlpDCIgDaitVs03ATR84Q=="
    },
    "node_modules/fetch-retry": {
      "version": "6.0.0",
      "resolved": "https://registry.npmjs.org/fetch-retry/-/fetch-retry-6.0.0.tgz",
      "integrity": "sha512-BUFj1aMubgib37I3v4q78fYo63Po7t4HUPTpQ6/QE6yK6cIQrP+W43FYToeTEyg5m2Y7eFUtijUuAv/PDlWuag=="
    },
    "node_modules/isomorphic-ws": {
      "version": "5.0.0",
      "resolved": "https://registry.npmjs.org/isomorphic-ws/-/isomorphic-ws-5.0.0.tgz",
      "integrity": "sha512-muId7Zzn9ywDsyXgTIafTry2sV3nySZeUDe6YedVd1Hvuuep5AsIlqK+XefWpYTyJG5e503F2xIuT2lcU6rCSw==",
      "peerDependencies": {
        "ws": "*"
      }
    },
    "node_modules/js-tokens": {
      "version": "4.0.0",
      "resolved": "https://registry.npmjs.org/js-tokens/-/js-tokens-4.0.0.tgz",
      "integrity": "sha512-RdJUflcE3cUzKiMqQgsCu06FPu9UdIJO0beYbPhHN4k6apgJtifcoCtT9bcxOpYBtpD2kCM6Sbzg4CausW/PKQ=="
    },
    "node_modules/lodash-es": {
      "version": "4.17.21",
      "resolved": "https://registry.npmjs.org/lodash-es/-/lodash-es-4.17.21.tgz",
      "integrity": "sha512-mKnC+QJ9pWVzv+C4/U3rRsHapFfHvQFoFB92e52xeyGMcX6/OlIl78je1u8vePzYZSkkogMPJ2yjxxsb89cxyw=="
    },
    "node_modules/loose-envify": {
      "version": "1.4.0",
      "resolved": "https://registry.npmjs.org/loose-envify/-/loose-envify-1.4.0.tgz",
      "integrity": "sha512-lyuxPGr/Wfhrlem2CL/UcnUc1zcqKAImBDzukY7Y5F/yQiNdko6+fRLevlw1HgMySw7f611UIY408EtxRSoK3Q==",
      "dependencies": {
        "js-tokens": "^3.0.0 || ^4.0.0"
      },
      "bin": {
        "loose-envify": "cli.js"
      }
    },
    "node_modules/luxon": {
      "version": "3.5.0",
      "resolved": "https://registry.npmjs.org/luxon/-/luxon-3.5.0.tgz",
      "integrity": "sha512-rh+Zjr6DNfUYR3bPwJEnuwDdqMbxZW7LOQfUN4B54+Cl+0o5zaU9RJ6bcidfDtC1cWCZXQ+nvX8bf6bAji37QQ==",
      "engines": {
        "node": ">=12"
      }
    },
    "node_modules/ngeohash": {
      "version": "0.6.3",
      "resolved": "https://registry.npmjs.org/ngeohash/-/ngeohash-0.6.3.tgz",
      "integrity": "sha512-kltF0cOxgx1AbmVzKxYZaoB0aj7mOxZeHaerEtQV0YaqnkXNq26WWqMmJ6lTqShYxVRWZ/mwvvTrNeOwdslWiw==",
      "engines": {
        "node": ">=v0.2.0"
      }
    },
    "node_modules/react": {
      "version": "18.3.1",
      "resolved": "https://registry.npmjs.org/react/-/react-18.3.1.tgz",
      "integrity": "sha512-wS+hAgJShR0KhEvPJArfuPVN1+Hz1t0Y6n5jLrGQbkb4urgPE/0Rve+1kMB1v/oWgHgm4WIcV+i7F2pTVj+2iQ==",
      "dependencies": {
        "loose-envify": "^1.1.0"
      },
      "engines": {
        "node": ">=0.10.0"
      }
    },
    "node_modules/tiny-invariant": {
      "version": "1.3.3",
      "resolved": "https://registry.npmjs.org/tiny-invariant/-/tiny-invariant-1.3.3.tgz",
      "integrity": "sha512-+FbBPE1o9QAYvviau/qC5SE3caw21q3xkvWKBtja5vgqOWIHHJ3ioaq1VPfn/Szqctz2bU/oYeKd9/z5BL+PVg=="
    },
    "node_modules/type-fest": {
      "version": "4.25.0",
      "resolved": "https://registry.npmjs.org/type-fest/-/type-fest-4.25.0.tgz",
      "integrity": "sha512-bRkIGlXsnGBRBQRAY56UXBm//9qH4bmJfFvq83gSz41N282df+fjy8ofcEgc1sM8geNt5cl6mC2g9Fht1cs8Aw==",
      "engines": {
        "node": ">=16"
      },
      "funding": {
        "url": "https://github.com/sponsors/sindresorhus"
      }
    },
    "node_modules/ws": {
      "version": "8.18.0",
      "resolved": "https://registry.npmjs.org/ws/-/ws-8.18.0.tgz",
      "integrity": "sha512-8VbfWfHLbbwu3+N6OKsOMpBdT4kXPDDB9cJk2bJ6mh9ucxdlnNvH1e+roYkKmN9Nxw2yjz7VzeO9oOz2zJ04Pw==",
      "engines": {
        "node": ">=10.0.0"
      },
      "peerDependencies": {
        "bufferutil": "^4.0.1",
        "utf-8-validate": ">=5.0.2"
      },
      "peerDependenciesMeta": {
        "bufferutil": {
          "optional": true
        },
        "utf-8-validate": {
          "optional": true
        }
      }
    }
  },
  "dependencies": {
    "@osdk/api": {
      "version": "1.9.0",
      "resolved": "https://registry.npmjs.org/@osdk/api/-/api-1.9.0.tgz",
      "integrity": "sha512-244C4PBYz0WN9h7vgBpq8DToUa9dCqaCA+90ABX9BQR8eGudN/eJ5zfHLl4D9SKd4mGCFlVmF/cuoUfnpBqbYA==",
      "requires": {
        "@osdk/gateway": "~2.4.0",
        "@osdk/shared.net": "~1.12.0",
        "@types/geojson": "^7946.0.13",
        "fetch-retry": "^6.0.0",
        "tiny-invariant": "^1.3.1"
      }
    },
    "@osdk/client": {
      "version": "0.21.0",
      "resolved": "https://registry.npmjs.org/@osdk/client/-/client-0.21.0.tgz",
      "integrity": "sha512-SlE/nWkQL2mVOcqh00ywJFfZ1rcOW+Hhz4mEUYue7DSmKx0O4UMiOVjR1fymjmuYmMeJ8JKOUKqS9i25Y8DS9g==",
      "requires": {
        "@osdk/api": "~1.9.0",
        "@osdk/client.api": "0.21.0",
        "@osdk/client.unstable": "0.1.0",
        "@osdk/client.unstable.osw": "0.1.0",
        "@osdk/generator-converters": "~0.7.0",
        "@osdk/shared.client": "~0.0.0",
        "@osdk/shared.client.impl": "~0.1.0",
        "@osdk/shared.net.errors": "~1.1.0",
        "@osdk/shared.net.fetch": "~0.1.0",
        "@types/geojson": "^7946.0.14",
        "conjure-lite": "^0.4.4",
        "fast-deep-equal": "^3.1.3",
        "fetch-retry": "^6.0.0",
        "isomorphic-ws": "^5.0.0",
        "tiny-invariant": "^1.3.1",
        "type-fest": "^4.18.2",
        "ws": "^8.18.0"
      }
    },
    "@osdk/client.api": {
      "version": "0.21.0",
      "resolved": "https://registry.npmjs.org/@osdk/client.api/-/client.api-0.21.0.tgz",
      "integrity": "sha512-DT3f9o2Cm/s0Wf3LQ6yN3qktBqIh/7hfk49s26KVBzI1htA27ZfTg/nJzmO/9u75v53fxbGVpW2Hr5XhepPSQw==",
      "requires": {
        "@osdk/api": "~1.9.0",
        "type-fest": "^4.18.2"
      }
    },
    "@osdk/client.unstable": {
      "version": "0.1.0",
      "resolved": "https://registry.npmjs.org/@osdk/client.unstable/-/client.unstable-0.1.0.tgz",
      "integrity": "sha512-YDE+LZqbHSrHSsa8pDW91m68Z28upd/wyef/Y6WbJokeKjyUKscvF6KE1KTUIu1leWzvEyQWv1GbYZDKUn/H+g==",
      "requires": {
        "conjure-lite": "^0.4.4"
      }
    },
    "@osdk/client.unstable.osw": {
      "version": "0.1.0",
      "resolved": "https://registry.npmjs.org/@osdk/client.unstable.osw/-/client.unstable.osw-0.1.0.tgz",
      "integrity": "sha512-R0OgiOI0V5nCCT00YSYJfSbaNQKmyZrjCA7fOksysu6ax46te783gH2qDhZYtlebJ2CZSgUy9v7PA//Sia1oow==",
      "requires": {
        "conjure-lite": "^0.4.4"
      }
    },
    "@osdk/gateway": {
      "version": "2.4.0",
      "resolved": "https://registry.npmjs.org/@osdk/gateway/-/gateway-2.4.0.tgz",
      "integrity": "sha512-5Fdnt7HtbYatUsQWbNi+Leimx1PIrX8ZvFQEp0AfVijh1nasSw857yX/RMqvEe0KsnQfW5HDTDcspTk8gE2AFQ==",
      "requires": {
        "fetch-retry": "^6.0.0",
        "tiny-invariant": "^1.3.1"
      }
    },
    "@osdk/generator-converters": {
      "version": "0.7.0",
      "resolved": "https://registry.npmjs.org/@osdk/generator-converters/-/generator-converters-0.7.0.tgz",
      "integrity": "sha512-BOTH2+mGk5gfOJLY2mT/nV3zqLESDi3irYDpCBMPyJgQDDyX30wTXu41fT3kCdf251b6bOW01HxbMnfu/wNoCQ==",
      "requires": {
        "@osdk/api": "~1.9.0",
        "@osdk/gateway": "~2.4.0"
      }
    },
    "@osdk/legacy-client": {
      "version": "2.5.0",
      "resolved": "https://registry.npmjs.org/@osdk/legacy-client/-/legacy-client-2.5.0.tgz",
      "integrity": "sha512-i3v0FuGa5Ba3VsdwdXTEKCt4hv4t48wJ/jfDVy5iD/PawmqbIhx6Q+6RBTL5FisgvnJ72hR0QsRmtetKpk84Og==",
      "requires": {
        "@osdk/api": "~1.9.0",
        "@osdk/gateway": "~2.4.0",
        "@osdk/shared.net": "~1.12.0",
        "fetch-retry": "^6.0.0",
        "luxon": "^3.4.4",
        "ngeohash": "^0.6.3",
        "tiny-invariant": "^1.3.1"
      }
    },
    "@osdk/shared.client": {
      "version": "0.0.0",
      "resolved": "https://registry.npmjs.org/@osdk/shared.client/-/shared.client-0.0.0.tgz",
      "integrity": "sha512-8X42+4YUM6ItGqG5nkNRGlYBgCLPmT4BklCy1SvhHPn02A87bikACCqWYiMSDy+I2Tw/qm9oyHl/fTYCH8dvGg=="
    },
    "@osdk/shared.client.impl": {
      "version": "0.1.0",
      "resolved": "https://registry.npmjs.org/@osdk/shared.client.impl/-/shared.client.impl-0.1.0.tgz",
      "integrity": "sha512-mNpUkkwnDuPK3LNgilQ0uaUUstrTZ/gqNejSil0Q7Zd+Nq05sAmuyiC6a+5el6p1zByzv+XthQAnJF5Nwcuoag==",
      "requires": {
        "@osdk/shared.client": "~0.0.0",
        "@osdk/shared.net.errors": "~1.1.0",
        "@osdk/shared.net.fetch": "~0.1.0"
      }
    },
    "@osdk/shared.net": {
      "version": "1.12.0",
      "resolved": "https://registry.npmjs.org/@osdk/shared.net/-/shared.net-1.12.0.tgz",
      "integrity": "sha512-Va5gc/XfvXTsn/LevMdVdzHqybVi62hB06z7gL4Sy7HnMxRZn7/yPL6fW4BVREwT6x9I1P2nxTDd+KCMQuzqig==",
      "requires": {
        "@osdk/gateway": "~2.4.0",
        "@osdk/shared.client": "~0.0.0",
        "@osdk/shared.client.impl": "~0.1.0",
        "@osdk/shared.net.errors": "~1.1.0",
        "@osdk/shared.net.fetch": "~0.1.0"
      }
    },
    "@osdk/shared.net.errors": {
      "version": "1.1.0",
      "resolved": "https://registry.npmjs.org/@osdk/shared.net.errors/-/shared.net.errors-1.1.0.tgz",
      "integrity": "sha512-mn6KiTUfTQnQr0UdqHzViuIdXOEDT04e+3RSmr3DHEUcAN8cnIBMCOpnSQ/+o1li7SqW+gx3uDA03MdODtLA2g=="
    },
    "@osdk/shared.net.fetch": {
      "version": "0.1.0",
      "resolved": "https://registry.npmjs.org/@osdk/shared.net.fetch/-/shared.net.fetch-0.1.0.tgz",
      "integrity": "sha512-YQXAy2ZcBRtI12/Yrivj7Yf33NYg9EQs0FX2uCGeSapkLqb8hQH7VBgTdDWXMJIJeUdIgANg0+DmWckNIY9DDQ==",
      "requires": {
        "@osdk/shared.net.errors": "~1.1.0",
        "fetch-retry": "^6.0.0"
      }
    },
    "@types/geojson": {
      "version": "7946.0.14",
      "resolved": "https://registry.npmjs.org/@types/geojson/-/geojson-7946.0.14.tgz",
      "integrity": "sha512-WCfD5Ht3ZesJUsONdhvm84dmzWOiOzOAqOncN0++w0lBw1o8OuDNJF2McvvCef/yBqb/HYRahp1BYtODFQ8bRg=="
    },
    "@types/lodash": {
      "version": "4.17.7",
      "resolved": "https://registry.npmjs.org/@types/lodash/-/lodash-4.17.7.tgz",
      "integrity": "sha512-8wTvZawATi/lsmNu10/j2hk1KEP0IvjubqPE3cu1Xz7xfXXt5oCq3SNUz4fMIP4XGF9Ky+Ue2tBA3hcS7LSBlA==",
      "dev": true
    },
    "@types/lodash-es": {
      "version": "4.17.12",
      "resolved": "https://registry.npmjs.org/@types/lodash-es/-/lodash-es-4.17.12.tgz",
      "integrity": "sha512-0NgftHUcV4v34VhXm8QBSftKVXtbkBG3ViCjs6+eJ5a6y6Mi/jiFGPc1sC7QK+9BFhWrURE3EOggmWaSxL9OzQ==",
      "dev": true,
      "requires": {
        "@types/lodash": "*"
      }
    },
    "@types/prop-types": {
      "version": "15.7.12",
      "resolved": "https://registry.npmjs.org/@types/prop-types/-/prop-types-15.7.12.tgz",
      "integrity": "sha512-5zvhXYtRNRluoE/jAp4GVsSduVUzNWKkOZrCDBWYtE7biZywwdC2AcEzg+cSMLFRfVgeAFqpfNabiPjxFddV1Q==",
      "dev": true
    },
    "@types/react": {
      "version": "18.3.4",
      "resolved": "https://registry.npmjs.org/@types/react/-/react-18.3.4.tgz",
      "integrity": "sha512-J7W30FTdfCxDDjmfRM+/JqLHBIyl7xUIp9kwK637FGmY7+mkSFSe6L4jpZzhj5QMfLssSDP4/i75AKkrdC7/Jw==",
      "dev": true,
      "requires": {
        "@types/prop-types": "*",
        "csstype": "^3.0.2"
      }
    },
    "conjure-lite": {
      "version": "0.4.4",
      "resolved": "https://registry.npmjs.org/conjure-lite/-/conjure-lite-0.4.4.tgz",
      "integrity": "sha512-WHmOLegM2L7WOxsDaNfobjLdKc0uzYWXvDTRZrnqkK58W/A+m4kkH/QVsyUdHhLA7ayRhAcoovuKJNfS/SKmqQ=="
    },
    "csstype": {
      "version": "3.1.3",
      "resolved": "https://registry.npmjs.org/csstype/-/csstype-3.1.3.tgz",
      "integrity": "sha512-M1uQkMl8rQK/szD0LNhtqxIPLpimGm8sOBwU7lLnCpSbTyY3yeU1Vc7l4KT5zT4s/yOxHH5O7tIuuLOCnLADRw==",
      "dev": true
    },
    "fast-deep-equal": {
      "version": "3.1.3",
      "resolved": "https://registry.npmjs.org/fast-deep-equal/-/fast-deep-equal-3.1.3.tgz",
      "integrity": "sha512-f3qQ9oQy9j2AhBe/H9VC91wLmKBCCU/gDOnKNAYG5hswO7BLKj09Hc5HYNz9cGI++xlpDCIgDaitVs03ATR84Q=="
    },
    "fetch-retry": {
      "version": "6.0.0",
      "resolved": "https://registry.npmjs.org/fetch-retry/-/fetch-retry-6.0.0.tgz",
      "integrity": "sha512-BUFj1aMubgib37I3v4q78fYo63Po7t4HUPTpQ6/QE6yK6cIQrP+W43FYToeTEyg5m2Y7eFUtijUuAv/PDlWuag=="
    },
    "isomorphic-ws": {
      "version": "5.0.0",
      "resolved": "https://registry.npmjs.org/isomorphic-ws/-/isomorphic-ws-5.0.0.tgz",
      "integrity": "sha512-muId7Zzn9ywDsyXgTIafTry2sV3nySZeUDe6YedVd1Hvuuep5AsIlqK+XefWpYTyJG5e503F2xIuT2lcU6rCSw==",
      "requires": {}
    },
    "js-tokens": {
      "version": "4.0.0",
      "resolved": "https://registry.npmjs.org/js-tokens/-/js-tokens-4.0.0.tgz",
      "integrity": "sha512-RdJUflcE3cUzKiMqQgsCu06FPu9UdIJO0beYbPhHN4k6apgJtifcoCtT9bcxOpYBtpD2kCM6Sbzg4CausW/PKQ=="
    },
    "lodash-es": {
      "version": "4.17.21",
      "resolved": "https://registry.npmjs.org/lodash-es/-/lodash-es-4.17.21.tgz",
      "integrity": "sha512-mKnC+QJ9pWVzv+C4/U3rRsHapFfHvQFoFB92e52xeyGMcX6/OlIl78je1u8vePzYZSkkogMPJ2yjxxsb89cxyw=="
    },
    "loose-envify": {
      "version": "1.4.0",
      "resolved": "https://registry.npmjs.org/loose-envify/-/loose-envify-1.4.0.tgz",
      "integrity": "sha512-lyuxPGr/Wfhrlem2CL/UcnUc1zcqKAImBDzukY7Y5F/yQiNdko6+fRLevlw1HgMySw7f611UIY408EtxRSoK3Q==",
      "requires": {
        "js-tokens": "^3.0.0 || ^4.0.0"
      }
    },
    "luxon": {
      "version": "3.5.0",
      "resolved": "https://registry.npmjs.org/luxon/-/luxon-3.5.0.tgz",
      "integrity": "sha512-rh+Zjr6DNfUYR3bPwJEnuwDdqMbxZW7LOQfUN4B54+Cl+0o5zaU9RJ6bcidfDtC1cWCZXQ+nvX8bf6bAji37QQ=="
    },
    "ngeohash": {
      "version": "0.6.3",
      "resolved": "https://registry.npmjs.org/ngeohash/-/ngeohash-0.6.3.tgz",
      "integrity": "sha512-kltF0cOxgx1AbmVzKxYZaoB0aj7mOxZeHaerEtQV0YaqnkXNq26WWqMmJ6lTqShYxVRWZ/mwvvTrNeOwdslWiw=="
    },
    "react": {
      "version": "18.3.1",
      "resolved": "https://registry.npmjs.org/react/-/react-18.3.1.tgz",
      "integrity": "sha512-wS+hAgJShR0KhEvPJArfuPVN1+Hz1t0Y6n5jLrGQbkb4urgPE/0Rve+1kMB1v/oWgHgm4WIcV+i7F2pTVj+2iQ==",
      "requires": {
        "loose-envify": "^1.1.0"
      }
    },
    "tiny-invariant": {
      "version": "1.3.3",
      "resolved": "https://registry.npmjs.org/tiny-invariant/-/tiny-invariant-1.3.3.tgz",
      "integrity": "sha512-+FbBPE1o9QAYvviau/qC5SE3caw21q3xkvWKBtja5vgqOWIHHJ3ioaq1VPfn/Szqctz2bU/oYeKd9/z5BL+PVg=="
    },
    "type-fest": {
      "version": "4.25.0",
      "resolved": "https://registry.npmjs.org/type-fest/-/type-fest-4.25.0.tgz",
      "integrity": "sha512-bRkIGlXsnGBRBQRAY56UXBm//9qH4bmJfFvq83gSz41N282df+fjy8ofcEgc1sM8geNt5cl6mC2g9Fht1cs8Aw=="
    },
    "ws": {
      "version": "8.18.0",
      "resolved": "https://registry.npmjs.org/ws/-/ws-8.18.0.tgz",
      "integrity": "sha512-8VbfWfHLbbwu3+N6OKsOMpBdT4kXPDDB9cJk2bJ6mh9ucxdlnNvH1e+roYkKmN9Nxw2yjz7VzeO9oOz2zJ04Pw==",
      "requires": {}
    }
  }
}
